
Microsoft Visual Studio Solution File, Format Version 12.00
# Visual Studio Version 16
VisualStudioVersion = 16.0.29519.87
MinimumVisualStudioVersion = 10.0.40219.1
Project("{8BC9CEB8-8B4A-11D0-8D11-00A0C91BC942}") = "client_studio", "client_studio.vcxproj", "{DF38CD9F-7E87-48AD-869D-B46AD404A98A}"
EndProject
Global
	GlobalSection(SolutionConfigurationPlatforms) = preSolution
		Debug|x64 = Debug|x64
		Debug|x86 = Debug|x86
		Release|x64 = Release|x64
		Release|x86 = Release|x86
	EndGlobalSection
	GlobalSection(ProjectConfigurationPlatforms) = postSolution
		{DF38CD9F-7E87-48AD-869D-B46AD404A98A}.Debug|x64.ActiveCfg = Debug|Win32
		{DF38CD9F-7E87-48AD-869D-B46AD404A98A}.Debug|x64.Build.0 = Debug|Win32
		{DF38CD9F-7E87-48AD-869D-B46AD404A98A}.Debug|x86.ActiveCfg = Debug|Win32
		{DF38CD9F-7E87-48AD-869D-B46AD404A98A}.Debug|x86.Build.0 = Debug|Win32
		{DF38CD9F-7E87-48AD-869D-B46AD404A98A}.Release|x64.ActiveCfg = Release|x64
		{DF38CD9F-7E87-48AD-869D-B46AD404A98A}.Release|x64.Build.0 = Release|x64
		{DF38CD9F-7E87-48AD-869D-B46AD404A98A}.Release|x86.ActiveCfg = Release|Win32
		{DF38CD9F-7E87-48AD-869D-B46AD404A98A}.Release|x86.Build.0 = Release|Win32
	EndGlobalSection
	GlobalSection(SolutionProperties) = preSolution
		HideSolutionNode = FALSE
	EndGlobalSection
	GlobalSection(ExtensibilityGlobals) = postSolution
		SolutionGuid = {74D56042-11BC-4C16-B245-3C91F8A14EE8}
	EndGlobalSection
EndGlobal
